// !$*UTF8*$!
{
	archiveVersion = 1;
	classes = {
	};
	objectVersion = 48;
	objects = {

/* Begin PBXBuildFile section */
		8866AC4820EC622500A972DB /* AppDelegate.swift in Sources */ = {isa = PBXBuildFile; fileRef = 8866AC4720EC622500A972DB /* AppDelegate.swift */; };
		8866AC4A20EC622500A972DB /* GameViewController.swift in Sources */ = {isa = PBXBuildFile; fileRef = 8866AC4920EC622500A972DB /* GameViewController.swift */; };
		8866AC4D20EC622500A972DB /* Main.storyboard in Resources */ = {isa = PBXBuildFile; fileRef = 8866AC4B20EC622500A972DB /* Main.storyboard */; };
		8866AC4F20EC622500A972DB /* Assets.xcassets in Resources */ = {isa = PBXBuildFile; fileRef = 8866AC4E20EC622500A972DB /* Assets.xcassets */; };
		8866AC5220EC622500A972DB /* LaunchScreen.storyboard in Resources */ = {isa = PBXBuildFile; fileRef = 8866AC5020EC622500A972DB /* LaunchScreen.storyboard */; };
		8866AC5A20EC94F400A972DB /* questions.plist in Resources */ = {isa = PBXBuildFile; fileRef = 8866AC5920EC94F400A972DB /* questions.plist */; };
		8866AC5C20ECB98700A972DB /* AnswerButton.swift in Sources */ = {isa = PBXBuildFile; fileRef = 8866AC5B20ECB98700A972DB /* AnswerButton.swift */; };
		8866AC5E20EDBF6600A972DB /* Leaderboard.swift in Sources */ = {isa = PBXBuildFile; fileRef = 8866AC5D20EDBF6600A972DB /* Leaderboard.swift */; };
		8866AC6020EDEAE000A972DB /* TableViewCell.swift in Sources */ = {isa = PBXBuildFile; fileRef = 8866AC5F20EDEAE000A972DB /* TableViewCell.swift */; };
		88C5BCE420EF176C000FC361 /* QuestionLoader.swift in Sources */ = {isa = PBXBuildFile; fileRef = 88C5BCE320EF176C000FC361 /* QuestionLoader.swift */; };
		88C5BCEA20EF47DB000FC361 /* Question.swift in Sources */ = {isa = PBXBuildFile; fileRef = 88C5BCE920EF47DB000FC361 /* Question.swift */; };
		88C5BCEC20EF4EAB000FC361 /* Quiz.swift in Sources */ = {isa = PBXBuildFile; fileRef = 88C5BCEB20EF4EAB000FC361 /* Quiz.swift */; };
		88C5BCEE20F316FC000FC361 /* GameState.swift in Sources */ = {isa = PBXBuildFile; fileRef = 88C5BCED20F316FC000FC361 /* GameState.swift */; };
		CFF811548CAC5D841EA9B275 /* Pods_quiz.framework in Frameworks */ = {isa = PBXBuildFile; fileRef = F3BA498EC3B5EBA161AD549E /* Pods_quiz.framework */; };
/* End PBXBuildFile section */

/* Begin PBXFileReference section */
		8866AC4420EC622500A972DB /* quiz.app */ = {isa = PBXFileReference; explicitFileType = wrapper.application; includeInIndex = 0; path = quiz.app; sourceTree = BUILT_PRODUCTS_DIR; };
		8866AC4720EC622500A972DB /* AppDelegate.swift */ = {isa = PBXFileReference; lastKnownFileType = sourcecode.swift; path = AppDelegate.swift; sourceTree = "<group>"; };
		8866AC4920EC622500A972DB /* GameViewController.swift */ = {isa = PBXFileReference; lastKnownFileType = sourcecode.swift; path = GameViewController.swift; sourceTree = "<group>"; };
		8866AC4C20EC622500A972DB /* Base */ = {isa = PBXFileReference; lastKnownFileType = file.storyboard; name = Base; path = Base.lproj/Main.storyboard; sourceTree = "<group>"; };
		8866AC4E20EC622500A972DB /* Assets.xcassets */ = {isa = PBXFileReference; lastKnownFileType = folder.assetcatalog; path = Assets.xcassets; sourceTree = "<group>"; };
		8866AC5120EC622500A972DB /* Base */ = {isa = PBXFileReference; lastKnownFileType = file.storyboard; name = Base; path = Base.lproj/LaunchScreen.storyboard; sourceTree = "<group>"; };
		8866AC5320EC622500A972DB /* Info.plist */ = {isa = PBXFileReference; lastKnownFileType = text.plist.xml; path = Info.plist; sourceTree = "<group>"; };
		8866AC5920EC94F400A972DB /* questions.plist */ = {isa = PBXFileReference; lastKnownFileType = text.plist.xml; path = questions.plist; sourceTree = "<group>"; };
		8866AC5B20ECB98700A972DB /* AnswerButton.swift */ = {isa = PBXFileReference; lastKnownFileType = sourcecode.swift; path = AnswerButton.swift; sourceTree = "<group>"; };
		8866AC5D20EDBF6600A972DB /* Leaderboard.swift */ = {isa = PBXFileReference; lastKnownFileType = sourcecode.swift; path = Leaderboard.swift; sourceTree = "<group>"; };
		8866AC5F20EDEAE000A972DB /* TableViewCell.swift */ = {isa = PBXFileReference; lastKnownFileType = sourcecode.swift; path = TableViewCell.swift; sourceTree = "<group>"; };
		88C5BCE320EF176C000FC361 /* QuestionLoader.swift */ = {isa = PBXFileReference; lastKnownFileType = sourcecode.swift; path = QuestionLoader.swift; sourceTree = "<group>"; };
		88C5BCE920EF47DB000FC361 /* Question.swift */ = {isa = PBXFileReference; lastKnownFileType = sourcecode.swift; path = Question.swift; sourceTree = "<group>"; };
		88C5BCEB20EF4EAB000FC361 /* Quiz.swift */ = {isa = PBXFileReference; lastKnownFileType = sourcecode.swift; path = Quiz.swift; sourceTree = "<group>"; };
		88C5BCED20F316FC000FC361 /* GameState.swift */ = {isa = PBXFileReference; lastKnownFileType = sourcecode.swift; path = GameState.swift; sourceTree = "<group>"; };
		B02E40DEDBE9A63A815A1F7D /* Pods-quiz.debug.xcconfig */ = {isa = PBXFileReference; includeInIndex = 1; lastKnownFileType = text.xcconfig; name = "Pods-quiz.debug.xcconfig"; path = "Pods/Target Support Files/Pods-quiz/Pods-quiz.debug.xcconfig"; sourceTree = "<group>"; };
		D5B60FF0D7BF5E119D883930 /* Pods-quiz.release.xcconfig */ = {isa = PBXFileReference; includeInIndex = 1; lastKnownFileType = text.xcconfig; name = "Pods-quiz.release.xcconfig"; path = "Pods/Target Support Files/Pods-quiz/Pods-quiz.release.xcconfig"; sourceTree = "<group>"; };
		F3BA498EC3B5EBA161AD549E /* Pods_quiz.framework */ = {isa = PBXFileReference; explicitFileType = wrapper.framework; includeInIndex = 0; path = Pods_quiz.framework; sourceTree = BUILT_PRODUCTS_DIR; };
/* End PBXFileReference section */

/* Begin PBXFrameworksBuildPhase section */
		8866AC4120EC622500A972DB /* Frameworks */ = {
			isa = PBXFrameworksBuildPhase;
			buildActionMask = 2147483647;
			files = (
				CFF811548CAC5D841EA9B275 /* Pods_quiz.framework in Frameworks */,
			);
			runOnlyForDeploymentPostprocessing = 0;
		};
/* End PBXFrameworksBuildPhase section */

/* Begin PBXGroup section */
		343130330AE00F4828B97418 /* Frameworks */ = {
			isa = PBXGroup;
			children = (
				F3BA498EC3B5EBA161AD549E /* Pods_quiz.framework */,
			);
			name = Frameworks;
			sourceTree = "<group>";
		};
		8866AC3B20EC622500A972DB = {
			isa = PBXGroup;
			children = (
				8866AC4620EC622500A972DB /* quiz */,
				8866AC4520EC622500A972DB /* Products */,
				C8525EE7E696AB2D9C3C3CDD /* Pods */,
				343130330AE00F4828B97418 /* Frameworks */,
			);
			sourceTree = "<group>";
		};
		8866AC4520EC622500A972DB /* Products */ = {
			isa = PBXGroup;
			children = (
				8866AC4420EC622500A972DB /* quiz.app */,
			);
			name = Products;
			sourceTree = "<group>";
		};
		8866AC4620EC622500A972DB /* quiz */ = {
			isa = PBXGroup;
			children = (
				8866AC4720EC622500A972DB /* AppDelegate.swift */,
				8866AC4920EC622500A972DB /* GameViewController.swift */,
				8866AC5D20EDBF6600A972DB /* Leaderboard.swift */,
				8866AC5B20ECB98700A972DB /* AnswerButton.swift */,
				88C5BCE320EF176C000FC361 /* QuestionLoader.swift */,
				88C5BCED20F316FC000FC361 /* GameState.swift */,
				88C5BCE920EF47DB000FC361 /* Question.swift */,
				88C5BCEB20EF4EAB000FC361 /* Quiz.swift */,
				8866AC5F20EDEAE000A972DB /* TableViewCell.swift */,
				8866AC4B20EC622500A972DB /* Main.storyboard */,
				8866AC4E20EC622500A972DB /* Assets.xcassets */,
				8866AC5020EC622500A972DB /* LaunchScreen.storyboard */,
				8866AC5320EC622500A972DB /* Info.plist */,
				8866AC5920EC94F400A972DB /* questions.plist */,
			);
			path = quiz;
			sourceTree = "<group>";
		};
		C8525EE7E696AB2D9C3C3CDD /* Pods */ = {
			isa = PBXGroup;
			children = (
				B02E40DEDBE9A63A815A1F7D /* Pods-quiz.debug.xcconfig */,
				D5B60FF0D7BF5E119D883930 /* Pods-quiz.release.xcconfig */,
			);
			name = Pods;
			sourceTree = "<group>";
		};
/* End PBXGroup section */

/* Begin PBXNativeTarget section */
		8866AC4320EC622500A972DB /* quiz */ = {
			isa = PBXNativeTarget;
			buildConfigurationList = 8866AC5620EC622500A972DB /* Build configuration list for PBXNativeTarget "quiz" */;
			buildPhases = (
				A7DF8C127F3CA34B8EA6B750 /* [CP] Check Pods Manifest.lock */,
				8866AC4020EC622500A972DB /* Sources */,
				8866AC4120EC622500A972DB /* Frameworks */,
				8866AC4220EC622500A972DB /* Resources */,
				28834028FAD21489A02C7608 /* [CP] Embed Pods Frameworks */,
				D2DF10CA1ADB2AD9AC13C503 /* [CP] Copy Pods Resources */,
			);
			buildRules = (
			);
			dependencies = (
			);
			name = quiz;
			productName = quiz;
			productReference = 8866AC4420EC622500A972DB /* quiz.app */;
			productType = "com.apple.product-type.application";
		};
/* End PBXNativeTarget section */

/* Begin PBXProject section */
		8866AC3C20EC622500A972DB /* Project object */ = {
			isa = PBXProject;
			attributes = {
				LastSwiftUpdateCheck = 0920;
				LastUpgradeCheck = 0920;
				ORGANIZATIONNAME = "Fake Name";
				TargetAttributes = {
					8866AC4320EC622500A972DB = {
						CreatedOnToolsVersion = 9.2;
						ProvisioningStyle = Automatic;
					};
				};
			};
			buildConfigurationList = 8866AC3F20EC622500A972DB /* Build configuration list for PBXProject "quiz" */;
			compatibilityVersion = "Xcode 8.0";
			developmentRegion = en;
			hasScannedForEncodings = 0;
			knownRegions = (
				en,
				Base,
			);
			mainGroup = 8866AC3B20EC622500A972DB;
			productRefGroup = 8866AC4520EC622500A972DB /* Products */;
			projectDirPath = "";
			projectRoot = "";
			targets = (
				8866AC4320EC622500A972DB /* quiz */,
			);
		};
/* End PBXProject section */

/* Begin PBXResourcesBuildPhase section */
		8866AC4220EC622500A972DB /* Resources */ = {
			isa = PBXResourcesBuildPhase;
			buildActionMask = 2147483647;
			files = (
				8866AC5A20EC94F400A972DB /* questions.plist in Resources */,
				8866AC5220EC622500A972DB /* LaunchScreen.storyboard in Resources */,
				8866AC4F20EC622500A972DB /* Assets.xcassets in Resources */,
				8866AC4D20EC622500A972DB /* Main.storyboard in Resources */,
			);
			runOnlyForDeploymentPostprocessing = 0;
		};
/* End PBXResourcesBuildPhase section */

/* Begin PBXShellScriptBuildPhase section */
		28834028FAD21489A02C7608 /* [CP] Embed Pods Frameworks */ = {
			isa = PBXShellScriptBuildPhase;
			buildActionMask = 2147483647;
			files = (
			);
			inputPaths = (
				"${SRCROOT}/Pods/Target Support Files/Pods-quiz/Pods-quiz-frameworks.sh",
				"${BUILT_PRODUCTS_DIR}/SnapKit/SnapKit.framework",
			);
			name = "[CP] Embed Pods Frameworks";
			outputPaths = (
				"${TARGET_BUILD_DIR}/${FRAMEWORKS_FOLDER_PATH}/SnapKit.framework",
			);
			runOnlyForDeploymentPostprocessing = 0;
			shellPath = /bin/sh;
			shellScript = "\"${SRCROOT}/Pods/Target Support Files/Pods-quiz/Pods-quiz-frameworks.sh\"\n";
			showEnvVarsInLog = 0;
		};
		A7DF8C127F3CA34B8EA6B750 /* [CP] Check Pods Manifest.lock */ = {
			isa = PBXShellScriptBuildPhase;
			buildActionMask = 2147483647;
			files = (
			);
			inputPaths = (
				"${PODS_PODFILE_DIR_PATH}/Podfile.lock",
				"${PODS_ROOT}/Manifest.lock",
			);
			name = "[CP] Check Pods Manifest.lock";
			outputPaths = (
				"$(DERIVED_FILE_DIR)/Pods-quiz-checkManifestLockResult.txt",
			);
			runOnlyForDeploymentPostprocessing = 0;
			shellPath = /bin/sh;
			shellScript = "diff \"${PODS_PODFILE_DIR_PATH}/Podfile.lock\" \"${PODS_ROOT}/Manifest.lock\" > /dev/null\nif [ $? != 0 ] ; then\n    # print error to STDERR\n    echo \"error: The sandbox is not in sync with the Podfile.lock. Run 'pod install' or update your CocoaPods installation.\" >&2\n    exit 1\nfi\n# This output is used by Xcode 'outputs' to avoid re-running this script phase.\necho \"SUCCESS\" > \"${SCRIPT_OUTPUT_FILE_0}\"\n";
			showEnvVarsInLog = 0;
		};
		D2DF10CA1ADB2AD9AC13C503 /* [CP] Copy Pods Resources */ = {
			isa = PBXShellScriptBuildPhase;
			buildActionMask = 2147483647;
			files = (
			);
			inputPaths = (
			);
			name = "[CP] Copy Pods Resources";
			outputPaths = (
			);
			runOnlyForDeploymentPostprocessing = 0;
			shellPath = /bin/sh;
			shellScript = "\"${SRCROOT}/Pods/Target Support Files/Pods-quiz/Pods-quiz-resources.sh\"\n";
			showEnvVarsInLog = 0;
		};
/* End PBXShellScriptBuildPhase section */

/* Begin PBXSourcesBuildPhase section */
		8866AC4020EC622500A972DB /* Sources */ = {
			isa = PBXSourcesBuildPhase;
			buildActionMask = 2147483647;
			files = (
				88C5BCE420EF176C000FC361 /* QuestionLoader.swift in Sources */,
				8866AC6020EDEAE000A972DB /* TableViewCell.swift in Sources */,
				8866AC4A20EC622500A972DB /* GameViewController.swift in Sources */,
				8866AC5E20EDBF6600A972DB /* Leaderboard.swift in Sources */,
				8866AC4820EC622500A972DB /* AppDelegate.swift in Sources */,
				88C5BCEA20EF47DB000FC361 /* Question.swift in Sources */,
				88C5BCEE20F316FC000FC361 /* GameState.swift in Sources */,
				88C5BCEC20EF4EAB000FC361 /* Quiz.swift in Sources */,
				8866AC5C20ECB98700A972DB /* AnswerButton.swift in Sources */,
			);
			runOnlyForDeploymentPostprocessing = 0;
		};
/* End PBXSourcesBuildPhase section */

/* Begin PBXVariantGroup section */
		8866AC4B20EC622500A972DB /* Main.storyboard */ = {
			isa = PBXVariantGroup;
			children = (
				8866AC4C20EC622500A972DB /* Base */,
			);
			name = Main.storyboard;
			sourceTree = "<group>";
		};
		8866AC5020EC622500A972DB /* LaunchScreen.storyboard */ = {
			isa = PBXVariantGroup;
			children = (
				8866AC5120EC622500A972DB /* Base */,
			);
			name = LaunchScreen.storyboard;
			sourceTree = "<group>";
		};
/* End PBXVariantGroup section */

/* Begin XCBuildConfiguration section */
		8866AC5420EC622500A972DB /* Debug */ = {
			isa = XCBuildConfiguration;
			buildSettings = {
				ALWAYS_SEARCH_USER_PATHS = NO;
				CLANG_ANALYZER_NONNULL = YES;
				CLANG_ANALYZER_NUMBER_OBJECT_CONVERSION = YES_AGGRESSIVE;
				CLANG_CXX_LANGUAGE_STANDARD = "gnu++14";
				CLANG_CXX_LIBRARY = "libc++";
				CLANG_ENABLE_MODULES = YES;
				CLANG_ENABLE_OBJC_ARC = YES;
				CLANG_WARN_BLOCK_CAPTURE_AUTORELEASING = YES;
				CLANG_WARN_BOOL_CONVERSION = YES;
				CLANG_WARN_COMMA = YES;
				CLANG_WARN_CONSTANT_CONVERSION = YES;
				CLANG_WARN_DIRECT_OBJC_ISA_USAGE = YES_ERROR;
				CLANG_WARN_DOCUMENTATION_COMMENTS = YES;
				CLANG_WARN_EMPTY_BODY = YES;
				CLANG_WARN_ENUM_CONVERSION = YES;
				CLANG_WARN_INFINITE_RECURSION = YES;
				CLANG_WARN_INT_CONVERSION = YES;
				CLANG_WARN_NON_LITERAL_NULL_CONVERSION = YES;
				CLANG_WARN_OBJC_LITERAL_CONVERSION = YES;
				CLANG_WARN_OBJC_ROOT_CLASS = YES_ERROR;
				CLANG_WARN_RANGE_LOOP_ANALYSIS = YES;
				CLANG_WARN_STRICT_PROTOTYPES = YES;
				CLANG_WARN_SUSPICIOUS_MOVE = YES;
				CLANG_WARN_UNGUARDED_AVAILABILITY = YES_AGGRESSIVE;
				CLANG_WARN_UNREACHABLE_CODE = YES;
				CLANG_WARN__DUPLICATE_METHOD_MATCH = YES;
				CODE_SIGN_IDENTITY = "iPhone Developer";
				COPY_PHASE_STRIP = NO;
				DEBUG_INFORMATION_FORMAT = dwarf;
				ENABLE_STRICT_OBJC_MSGSEND = YES;
				ENABLE_TESTABILITY = YES;
				GCC_C_LANGUAGE_STANDARD = gnu11;
				GCC_DYNAMIC_NO_PIC = NO;
				GCC_NO_COMMON_BLOCKS = YES;
				GCC_OPTIMIZATION_LEVEL = 0;
				GCC_PREPROCESSOR_DEFINITIONS = (
					"DEBUG=1",
					"$(inherited)",
				);
				GCC_WARN_64_TO_32_BIT_CONVERSION = YES;
				GCC_WARN_ABOUT_RETURN_TYPE = YES_ERROR;
				GCC_WARN_UNDECLARED_SELECTOR = YES;
				GCC_WARN_UNINITIALIZED_AUTOS = YES_AGGRESSIVE;
				GCC_WARN_UNUSED_FUNCTION = YES;
				GCC_WARN_UNUSED_VARIABLE = YES;
				IPHONEOS_DEPLOYMENT_TARGET = 11.2;
				MTL_ENABLE_DEBUG_INFO = YES;
				ONLY_ACTIVE_ARCH = YES;
				SDKROOT = iphoneos;
				SWIFT_ACTIVE_COMPILATION_CONDITIONS = DEBUG;
				SWIFT_OPTIMIZATION_LEVEL = "-Onone";
			};
			name = Debug;
		};
		8866AC5520EC622500A972DB /* Release */ = {
			isa = XCBuildConfiguration;
			buildSettings = {
				ALWAYS_SEARCH_USER_PATHS = NO;
				CLANG_ANALYZER_NONNULL = YES;
				CLANG_ANALYZER_NUMBER_OBJECT_CONVERSION = YES_AGGRESSIVE;
				CLANG_CXX_LANGUAGE_STANDARD = "gnu++14";
				CLANG_CXX_LIBRARY = "libc++";
				CLANG_ENABLE_MODULES = YES;
				CLANG_ENABLE_OBJC_ARC = YES;
				CLANG_WARN_BLOCK_CAPTURE_AUTORELEASING = YES;
				CLANG_WARN_BOOL_CONVERSION = YES;
				CLANG_WARN_COMMA = YES;
				CLANG_WARN_CONSTANT_CONVERSION = YES;
				CLANG_WARN_DIRECT_OBJC_ISA_USAGE = YES_ERROR;
				CLANG_WARN_DOCUMENTATION_COMMENTS = YES;
				CLANG_WARN_EMPTY_BODY = YES;
				CLANG_WARN_ENUM_CONVERSION = YES;
				CLANG_WARN_INFINITE_RECURSION = YES;
				CLANG_WARN_INT_CONVERSION = YES;
				CLANG_WARN_NON_LITERAL_NULL_CONVERSION = YES;
				CLANG_WARN_OBJC_LITERAL_CONVERSION = YES;
				CLANG_WARN_OBJC_ROOT_CLASS = YES_ERROR;
				CLANG_WARN_RANGE_LOOP_ANALYSIS = YES;
				CLANG_WARN_STRICT_PROTOTYPES = YES;
				CLANG_WARN_SUSPICIOUS_MOVE = YES;
				CLANG_WARN_UNGUARDED_AVAILABILITY = YES_AGGRESSIVE;
				CLANG_WARN_UNREACHABLE_CODE = YES;
				CLANG_WARN__DUPLICATE_METHOD_MATCH = YES;
				CODE_SIGN_IDENTITY = "iPhone Developer";
				COPY_PHASE_STRIP = NO;
				DEBUG_INFORMATION_FORMAT = "dwarf-with-dsym";
				ENABLE_NS_ASSERTIONS = NO;
				ENABLE_STRICT_OBJC_MSGSEND = YES;
				GCC_C_LANGUAGE_STANDARD = gnu11;
				GCC_NO_COMMON_BLOCKS = YES;
				GCC_WARN_64_TO_32_BIT_CONVERSION = YES;
				GCC_WARN_ABOUT_RETURN_TYPE = YES_ERROR;
				GCC_WARN_UNDECLARED_SELECTOR = YES;
				GCC_WARN_UNINITIALIZED_AUTOS = YES_AGGRESSIVE;
				GCC_WARN_UNUSED_FUNCTION = YES;
				GCC_WARN_UNUSED_VARIABLE = YES;
				IPHONEOS_DEPLOYMENT_TARGET = 11.2;
				MTL_ENABLE_DEBUG_INFO = NO;
				SDKROOT = iphoneos;
				SWIFT_OPTIMIZATION_LEVEL = "-Owholemodule";
				VALIDATE_PRODUCT = YES;
			};
			name = Release;
		};
		8866AC5720EC622500A972DB /* Debug */ = {
			isa = XCBuildConfiguration;
			baseConfigurationReference = B02E40DEDBE9A63A815A1F7D /* Pods-quiz.debug.xcconfig */;
			buildSettings = {
				ASSETCATALOG_COMPILER_APPICON_NAME = AppIcon;
				CODE_SIGN_STYLE = Automatic;
				DEVELOPMENT_TEAM = Z6AJ8YCXYJ;
				INFOPLIST_FILE = quiz/Info.plist;
				LD_RUNPATH_SEARCH_PATHS = "$(inherited) @executable_path/Frameworks";
				PRODUCT_BUNDLE_IDENTIFIER = com.makeschool.quiz;
				PRODUCT_NAME = "$(TARGET_NAME)";
				SWIFT_VERSION = 4.0;
				TARGETED_DEVICE_FAMILY = "1,2";
			};
			name = Debug;
		};
		8866AC5820EC622500A972DB /* Release */ = {
			isa = XCBuildConfiguration;
			baseConfigurationReference = D5B60FF0D7BF5E119D883930 /* Pods-quiz.release.xcconfig */;
			buildSettings = {
				ASSETCATALOG_COMPILER_APPICON_NAME = AppIcon;
				CODE_SIGN_STYLE = Automatic;
				DEVELOPMENT_TEAM = Z6AJ8YCXYJ;
				INFOPLIST_FILE = quiz/Info.plist;
				LD_RUNPATH_SEARCH_PATHS = "$(inherited) @executable_path/Frameworks";
				PRODUCT_BUNDLE_IDENTIFIER = com.makeschool.quiz;
				PRODUCT_NAME = "$(TARGET_NAME)";
				SWIFT_VERSION = 4.0;
				TARGETED_DEVICE_FAMILY = "1,2";
			};
			name = Release;
		};
/* End XCBuildConfiguration section */

/* Begin XCConfigurationList section */
		8866AC3F20EC622500A972DB /* Build configuration list for PBXProject "quiz" */ = {
			isa = XCConfigurationList;
			buildConfigurations = (
				8866AC5420EC622500A972DB /* Debug */,
				8866AC5520EC622500A972DB /* Release */,
			);
			defaultConfigurationIsVisible = 0;
			defaultConfigurationName = Release;
		};
		8866AC5620EC622500A972DB /* Build configuration list for PBXNativeTarget "quiz" */ = {
			isa = XCConfigurationList;
			buildConfigurations = (
				8866AC5720EC622500A972DB /* Debug */,
				8866AC5820EC622500A972DB /* Release */,
			);
			defaultConfigurationIsVisible = 0;
			defaultConfigurationName = Release;
		};
/* End XCConfigurationList section */
	};
	rootObject = 8866AC3C20EC622500A972DB /* Project object */;
}
